
Microsoft Visual Studio Solution File, Format Version 12.00
# Visual Studio Version 17
VisualStudioVersion = 17.8.34330.188
MinimumVisualStudioVersion = 10.0.40219.1
Project("{9A19103F-16F7-4668-BE54-9A1E7A4F7556}") = "NorthwindReactApp.Server", "NorthwindReactApp.Server\NorthwindReactApp.Server.csproj", "{ED4E41B6-2059-4167-B4A5-61D4A5F49BA8}"
EndProject
Project("{9A19103F-16F7-4668-BE54-9A1E7A4F7556}") = "NorthwindReactApp.Domain", "NorthwindReactApp.Domain\NorthwindReactApp.Domain.csproj", "{73DBC86C-89CF-4A23-8A9A-D3784D7E8774}"
EndProject
Project("{9A19103F-16F7-4668-BE54-9A1E7A4F7556}") = "NorthwindReactApp.Infrastructure", "NorthwindReactApp.Infrastructure\NorthwindReactApp.Infrastructure.csproj", "{A5816ABD-ECE7-41E1-B452-48A12DC7306C}"
EndProject
Global
	GlobalSection(SolutionConfigurationPlatforms) = preSolution
		Debug|Any CPU = Debug|Any CPU
		Release|Any CPU = Release|Any CPU
	EndGlobalSection
	GlobalSection(ProjectConfigurationPlatforms) = postSolution
		{ED4E41B6-2059-4167-B4A5-61D4A5F49BA8}.Debug|Any CPU.ActiveCfg = Debug|Any CPU
		{ED4E41B6-2059-4167-B4A5-61D4A5F49BA8}.Debug|Any CPU.Build.0 = Debug|Any CPU
		{ED4E41B6-2059-4167-B4A5-61D4A5F49BA8}.Release|Any CPU.ActiveCfg = Release|Any CPU
		{ED4E41B6-2059-4167-B4A5-61D4A5F49BA8}.Release|Any CPU.Build.0 = Release|Any CPU
		{73DBC86C-89CF-4A23-8A9A-D3784D7E8774}.Debug|Any CPU.ActiveCfg = Debug|Any CPU
		{73DBC86C-89CF-4A23-8A9A-D3784D7E8774}.Debug|Any CPU.Build.0 = Debug|Any CPU
		{73DBC86C-89CF-4A23-8A9A-D3784D7E8774}.Release|Any CPU.ActiveCfg = Release|Any CPU
		{73DBC86C-89CF-4A23-8A9A-D3784D7E8774}.Release|Any CPU.Build.0 = Release|Any CPU
		{A5816ABD-ECE7-41E1-B452-48A12DC7306C}.Debug|Any CPU.ActiveCfg = Debug|Any CPU
		{A5816ABD-ECE7-41E1-B452-48A12DC7306C}.Debug|Any CPU.Build.0 = Debug|Any CPU
		{A5816ABD-ECE7-41E1-B452-48A12DC7306C}.Release|Any CPU.ActiveCfg = Release|Any CPU
		{A5816ABD-ECE7-41E1-B452-48A12DC7306C}.Release|Any CPU.Build.0 = Release|Any CPU
	EndGlobalSection
	GlobalSection(SolutionProperties) = preSolution
		HideSolutionNode = FALSE
	EndGlobalSection
	GlobalSection(ExtensibilityGlobals) = postSolution
		SolutionGuid = {14E616DA-611C-4B5B-8BA5-89E8664BC797}
	EndGlobalSection
EndGlobal
